// !$*UTF8*$!
{
	archiveVersion = 1;
	classes = {
	};
	objectVersion = 56;
	objects = {

/* Begin PBXBuildFile section */
		A10000000000000000000001 /* StashApp.swift in Sources */ = {isa = PBXBuildFile; fileRef = A20000000000000000000001 /* StashApp.swift */; };
		A10000000000000000000002 /* PanelController.swift in Sources */ = {isa = PBXBuildFile; fileRef = A20000000000000000000002 /* PanelController.swift */; };
		A10000000000000000000003 /* Assets.xcassets in Resources */ = {isa = PBXBuildFile; fileRef = A20000000000000000000003 /* Assets.xcassets */; };
		A10000000000000000000004 /* GlobalHotKey.swift in Sources */ = {isa = PBXBuildFile; fileRef = A20000000000000000000005 /* GlobalHotKey.swift */; };
		A10000000000000000000006 /* ClipboardManager.swift in Sources */ = {isa = PBXBuildFile; fileRef = A20000000000000000000007 /* ClipboardManager.swift */; };
		A10000000000000000000007 /* libsqlite3.tbd in Frameworks */ = {isa = PBXBuildFile; fileRef = A20000000000000000000008 /* libsqlite3.tbd */; };
		A10000000000000000000008 /* NotesStorage.swift in Sources */ = {isa = PBXBuildFile; fileRef = A20000000000000000000009 /* NotesStorage.swift */; };
		A10000000000000000000009 /* NotesEditorView.swift in Sources */ = {isa = PBXBuildFile; fileRef = A2000000000000000000000A /* NotesEditorView.swift */; };
		A1000000000000000000000B /* FileDropStorage.swift in Sources */ = {isa = PBXBuildFile; fileRef = A2000000000000000000000B /* FileDropStorage.swift */; };
		A1000000000000000000000C /* FileDropZoneView.swift in Sources */ = {isa = PBXBuildFile; fileRef = A2000000000000000000000C /* FileDropZoneView.swift */; };
		A10000000000000000000022 /* APIKeys.swift in Sources */ = {isa = PBXBuildFile; fileRef = A20000000000000000000022 /* APIKeys.swift */; };
		A10000000000000000000023 /* APIConstants.swift in Sources */ = {isa = PBXBuildFile; fileRef = A20000000000000000000023 /* APIConstants.swift */; };
		A1000000000000000000000D /* AppSettings.swift in Sources */ = {isa = PBXBuildFile; fileRef = A2000000000000000000000D /* AppSettings.swift */; };
		A1000000000000000000000E /* SettingsView.swift in Sources */ = {isa = PBXBuildFile; fileRef = A2000000000000000000000E /* SettingsView.swift */; };
		A1000000000000000000000F /* CardsModeAppKit.swift in Sources */ = {isa = PBXBuildFile; fileRef = A2000000000000000000000F /* CardsModeAppKit.swift */; };
		A10000000000000000000010 /* PanelSharedSections.swift in Sources */ = {isa = PBXBuildFile; fileRef = A20000000000000000000010 /* PanelSharedSections.swift */; };
		A10000000000000000000013 /* TranscriptionService.swift in Sources */ = {isa = PBXBuildFile; fileRef = A20000000000000000000013 /* TranscriptionService.swift */; };
		A10000000000000000000014 /* TranscriptionFloatingWidget.swift in Sources */ = {isa = PBXBuildFile; fileRef = A20000000000000000000014 /* TranscriptionFloatingWidget.swift */; };
		A10000000000000000000015 /* Onboarding.swift in Sources */ = {isa = PBXBuildFile; fileRef = A20000000000000000000015 /* Onboarding.swift */; };
		A10000000000000000000016 /* SupabaseConfig.swift in Sources */ = {isa = PBXBuildFile; fileRef = A20000000000000000000016 /* SupabaseConfig.swift */; };
		A10000000000000000000017 /* AuthService.swift in Sources */ = {isa = PBXBuildFile; fileRef = A20000000000000000000017 /* AuthService.swift */; };
		A10000000000000000000018 /* AppUser.swift in Sources */ = {isa = PBXBuildFile; fileRef = A20000000000000000000018 /* AppUser.swift */; };
		A10000000000000000000021 /* TabBarView.swift in Sources */ = {isa = PBXBuildFile; fileRef = A20000000000000000000021 /* TabBarView.swift */; };
		A10000000000000000000024 /* HeaderIconButton.swift in Sources */ = {isa = PBXBuildFile; fileRef = A20000000000000000000024 /* HeaderIconButton.swift */; };
		A10000000000000000000025 /* DesignTokens.swift in Sources */ = {isa = PBXBuildFile; fileRef = A20000000000000000000025 /* DesignTokens.swift */; };
		FC63C6E92F82656000B67359 /* Sparkle in Frameworks */ = {isa = PBXBuildFile; productRef = FC63C6E82F82656000B67359 /* Sparkle */; };
		FC63C6EB2F8266DB00B67359 /* UpdaterManager.swift in Sources */ = {isa = PBXBuildFile; fileRef = FC63C6EA2F8266DB00B67359 /* UpdaterManager.swift */; };
		FCA8014F2F8442B600E0215E /* Carbon.framework in Frameworks */ = {isa = PBXBuildFile; fileRef = A20000000000000000000006 /* Carbon.framework */; };
/* End PBXBuildFile section */

/* Begin PBXFileReference section */
		A20000000000000000000001 /* StashApp.swift */ = {isa = PBXFileReference; lastKnownFileType = sourcecode.swift; path = StashApp.swift; sourceTree = "<group>"; };
		A20000000000000000000002 /* PanelController.swift */ = {isa = PBXFileReference; lastKnownFileType = sourcecode.swift; path = PanelController.swift; sourceTree = "<group>"; };
		A20000000000000000000003 /* Assets.xcassets */ = {isa = PBXFileReference; lastKnownFileType = folder.assetcatalog; path = Assets.xcassets; sourceTree = "<group>"; };
		A20000000000000000000004 /* Info.plist */ = {isa = PBXFileReference; lastKnownFileType = text.plist.xml; path = Info.plist; sourceTree = "<group>"; };
		A20000000000000000000005 /* GlobalHotKey.swift */ = {isa = PBXFileReference; lastKnownFileType = sourcecode.swift; path = GlobalHotKey.swift; sourceTree = "<group>"; };
		A20000000000000000000006 /* Carbon.framework */ = {isa = PBXFileReference; lastKnownFileType = wrapper.framework; name = Carbon.framework; path = System/Library/Frameworks/Carbon.framework; sourceTree = SDKROOT; };
		A20000000000000000000007 /* ClipboardManager.swift */ = {isa = PBXFileReference; lastKnownFileType = sourcecode.swift; path = ClipboardManager.swift; sourceTree = "<group>"; };
		A20000000000000000000008 /* libsqlite3.tbd */ = {isa = PBXFileReference; lastKnownFileType = "sourcecode.text-based-dylib-definition"; name = libsqlite3.tbd; path = usr/lib/libsqlite3.tbd; sourceTree = SDKROOT; };
		A20000000000000000000009 /* NotesStorage.swift */ = {isa = PBXFileReference; lastKnownFileType = sourcecode.swift; path = NotesStorage.swift; sourceTree = "<group>"; };
		A2000000000000000000000A /* NotesEditorView.swift */ = {isa = PBXFileReference; lastKnownFileType = sourcecode.swift; path = NotesEditorView.swift; sourceTree = "<group>"; };
		A2000000000000000000000B /* FileDropStorage.swift */ = {isa = PBXFileReference; lastKnownFileType = sourcecode.swift; path = FileDropStorage.swift; sourceTree = "<group>"; };
		A2000000000000000000000C /* FileDropZoneView.swift */ = {isa = PBXFileReference; lastKnownFileType = sourcecode.swift; path = FileDropZoneView.swift; sourceTree = "<group>"; };
		A20000000000000000000022 /* APIKeys.swift */ = {isa = PBXFileReference; lastKnownFileType = sourcecode.swift; path = APIKeys.swift; sourceTree = "<group>"; };
		A20000000000000000000023 /* APIConstants.swift */ = {isa = PBXFileReference; lastKnownFileType = sourcecode.swift; path = APIConstants.swift; sourceTree = "<group>"; };
		A2000000000000000000000D /* AppSettings.swift */ = {isa = PBXFileReference; lastKnownFileType = sourcecode.swift; path = AppSettings.swift; sourceTree = "<group>"; };
		A2000000000000000000000E /* SettingsView.swift */ = {isa = PBXFileReference; lastKnownFileType = sourcecode.swift; path = SettingsView.swift; sourceTree = "<group>"; };
		A2000000000000000000000F /* CardsModeAppKit.swift */ = {isa = PBXFileReference; lastKnownFileType = sourcecode.swift; path = CardsModeAppKit.swift; sourceTree = "<group>"; };
		A20000000000000000000010 /* PanelSharedSections.swift */ = {isa = PBXFileReference; lastKnownFileType = sourcecode.swift; path = PanelSharedSections.swift; sourceTree = "<group>"; };
		A20000000000000000000013 /* TranscriptionService.swift */ = {isa = PBXFileReference; lastKnownFileType = sourcecode.swift; path = TranscriptionService.swift; sourceTree = "<group>"; };
		A20000000000000000000014 /* TranscriptionFloatingWidget.swift */ = {isa = PBXFileReference; lastKnownFileType = sourcecode.swift; path = TranscriptionFloatingWidget.swift; sourceTree = "<group>"; };
		A20000000000000000000015 /* Onboarding.swift */ = {isa = PBXFileReference; lastKnownFileType = sourcecode.swift; path = Onboarding.swift; sourceTree = "<group>"; };
		A20000000000000000000016 /* SupabaseConfig.swift */ = {isa = PBXFileReference; lastKnownFileType = sourcecode.swift; path = SupabaseConfig.swift; sourceTree = "<group>"; };
		A20000000000000000000017 /* AuthService.swift */ = {isa = PBXFileReference; lastKnownFileType = sourcecode.swift; path = AuthService.swift; sourceTree = "<group>"; };
		A20000000000000000000018 /* AppUser.swift */ = {isa = PBXFileReference; lastKnownFileType = sourcecode.swift; path = AppUser.swift; sourceTree = "<group>"; };
		A20000000000000000000021 /* TabBarView.swift */ = {isa = PBXFileReference; lastKnownFileType = sourcecode.swift; path = TabBarView.swift; sourceTree = "<group>"; };
		A20000000000000000000024 /* HeaderIconButton.swift */ = {isa = PBXFileReference; lastKnownFileType = sourcecode.swift; path = HeaderIconButton.swift; sourceTree = "<group>"; };
		A20000000000000000000025 /* DesignTokens.swift */ = {isa = PBXFileReference; lastKnownFileType = sourcecode.swift; path = DesignTokens.swift; sourceTree = "<group>"; };
		A30000000000000000000001 /* Stash.app */ = {isa = PBXFileReference; explicitFileType = wrapper.application; includeInIndex = 0; path = Stash.app; sourceTree = BUILT_PRODUCTS_DIR; };
		FC63C6EA2F8266DB00B67359 /* UpdaterManager.swift */ = {isa = PBXFileReference; lastKnownFileType = sourcecode.swift; path = UpdaterManager.swift; sourceTree = "<group>"; };
/* End PBXFileReference section */

/* Begin PBXFrameworksBuildPhase section */
		A40000000000000000000001 /* Frameworks */ = {
			isa = PBXFrameworksBuildPhase;
			buildActionMask = 2147483647;
			files = (
				FC63C6E92F82656000B67359 /* Sparkle in Frameworks */,
				FCA8014F2F8442B600E0215E /* Carbon.framework in Frameworks */,
				A10000000000000000000007 /* libsqlite3.tbd in Frameworks */,
			);
			runOnlyForDeploymentPostprocessing = 0;
		};
/* End PBXFrameworksBuildPhase section */

/* Begin PBXGroup section */
		A50000000000000000000001 = {
			isa = PBXGroup;
			children = (
				A50000000000000000000002 /* Stash */,
				A50000000000000000000003 /* Products */,
				FC9F49E62F665C130036931E /* Recovered References */,
			);
			sourceTree = "<group>";
		};
		A50000000000000000000002 /* Stash */ = {
			isa = PBXGroup;
			children = (
				FC63C6EA2F8266DB00B67359 /* UpdaterManager.swift */,
				A20000000000000000000001 /* StashApp.swift */,
				A20000000000000000000002 /* PanelController.swift */,
				A20000000000000000000005 /* GlobalHotKey.swift */,
				A20000000000000000000007 /* ClipboardManager.swift */,
				A20000000000000000000009 /* NotesStorage.swift */,
				A2000000000000000000000A /* NotesEditorView.swift */,
				A2000000000000000000000B /* FileDropStorage.swift */,
				A2000000000000000000000C /* FileDropZoneView.swift */,
				A20000000000000000000023 /* APIConstants.swift */,
				A20000000000000000000022 /* APIKeys.swift */,
				A2000000000000000000000D /* AppSettings.swift */,
				A2000000000000000000000E /* SettingsView.swift */,
				A2000000000000000000000F /* CardsModeAppKit.swift */,
				A20000000000000000000010 /* PanelSharedSections.swift */,
				A20000000000000000000021 /* TabBarView.swift */,
				A20000000000000000000024 /* HeaderIconButton.swift */,
				A20000000000000000000025 /* DesignTokens.swift */,
				A20000000000000000000013 /* TranscriptionService.swift */,
				A20000000000000000000014 /* TranscriptionFloatingWidget.swift */,
				A20000000000000000000015 /* Onboarding.swift */,
				A20000000000000000000016 /* SupabaseConfig.swift */,
				A20000000000000000000017 /* AuthService.swift */,
				A20000000000000000000018 /* AppUser.swift */,
				A20000000000000000000004 /* Info.plist */,
				A20000000000000000000003 /* Assets.xcassets */,
			);
			path = Stash;
			sourceTree = "<group>";
		};
		A50000000000000000000003 /* Products */ = {
			isa = PBXGroup;
			children = (
				A30000000000000000000001 /* Stash.app */,
			);
			name = Products;
			sourceTree = "<group>";
		};
		FC9F49E62F665C130036931E /* Recovered References */ = {
			isa = PBXGroup;
			children = (
				A20000000000000000000006 /* Carbon.framework */,
				A20000000000000000000008 /* libsqlite3.tbd */,
			);
			name = "Recovered References";
			sourceTree = "<group>";
		};
/* End PBXGroup section */

/* Begin PBXNativeTarget section */
		A60000000000000000000001 /* Stash */ = {
			isa = PBXNativeTarget;
			buildConfigurationList = A70000000000000000000003 /* Build configuration list for PBXNativeTarget "Stash" */;
			buildPhases = (
				A60000000000000000000002 /* Sources */,
				A40000000000000000000001 /* Frameworks */,
				A60000000000000000000003 /* Resources */,
			);
			buildRules = (
			);
			dependencies = (
			);
			name = Stash;
			productName = Stash;
			productReference = A30000000000000000000001 /* Stash.app */;
			productType = "com.apple.product-type.application";
		};
/* End PBXNativeTarget section */

/* Begin PBXProject section */
		A80000000000000000000001 /* Project object */ = {
			isa = PBXProject;
			attributes = {
				BuildIndependentTargetsInParallel = 1;
				LastSwiftUpdateCheck = 1500;
				LastUpgradeCheck = 2630;
				TargetAttributes = {
					A60000000000000000000001 = {
						CreatedOnToolsVersion = 15.0;
					};
				};
			};
			buildConfigurationList = A70000000000000000000001 /* Build configuration list for PBXProject "Stash" */;
			compatibilityVersion = "Xcode 14.0";
			developmentRegion = en;
			hasScannedForEncodings = 0;
			knownRegions = (
				en,
				Base,
			);
			mainGroup = A50000000000000000000001;
			packageReferences = (
				FC63C6E72F82656000B67359 /* XCRemoteSwiftPackageReference "Sparkle" */,
			);
			productRefGroup = A50000000000000000000003 /* Products */;
			projectDirPath = "";
			projectRoot = "";
			targets = (
				A60000000000000000000001 /* Stash */,
			);
		};
/* End PBXProject section */

/* Begin PBXResourcesBuildPhase section */
		A60000000000000000000003 /* Resources */ = {
			isa = PBXResourcesBuildPhase;
			buildActionMask = 2147483647;
			files = (
				A10000000000000000000003 /* Assets.xcassets in Resources */,
			);
			runOnlyForDeploymentPostprocessing = 0;
		};
/* End PBXResourcesBuildPhase section */

/* Begin PBXSourcesBuildPhase section */
		A60000000000000000000002 /* Sources */ = {
			isa = PBXSourcesBuildPhase;
			buildActionMask = 2147483647;
			files = (
				A10000000000000000000001 /* StashApp.swift in Sources */,
				A10000000000000000000002 /* PanelController.swift in Sources */,
				A10000000000000000000004 /* GlobalHotKey.swift in Sources */,
				A10000000000000000000006 /* ClipboardManager.swift in Sources */,
				FC63C6EB2F8266DB00B67359 /* UpdaterManager.swift in Sources */,
				A10000000000000000000008 /* NotesStorage.swift in Sources */,
				A10000000000000000000009 /* NotesEditorView.swift in Sources */,
				A1000000000000000000000B /* FileDropStorage.swift in Sources */,
				A1000000000000000000000C /* FileDropZoneView.swift in Sources */,
				A10000000000000000000022 /* APIKeys.swift in Sources */,
				A10000000000000000000023 /* APIConstants.swift in Sources */,
				A1000000000000000000000D /* AppSettings.swift in Sources */,
				A1000000000000000000000E /* SettingsView.swift in Sources */,
				A1000000000000000000000F /* CardsModeAppKit.swift in Sources */,
				A10000000000000000000010 /* PanelSharedSections.swift in Sources */,
				A10000000000000000000013 /* TranscriptionService.swift in Sources */,
				A10000000000000000000014 /* TranscriptionFloatingWidget.swift in Sources */,
				A10000000000000000000015 /* Onboarding.swift in Sources */,
				A10000000000000000000016 /* SupabaseConfig.swift in Sources */,
				A10000000000000000000017 /* AuthService.swift in Sources */,
				A10000000000000000000018 /* AppUser.swift in Sources */,
				A10000000000000000000021 /* TabBarView.swift in Sources */,
				A10000000000000000000024 /* HeaderIconButton.swift in Sources */,
				A10000000000000000000025 /* DesignTokens.swift in Sources */,
			);
			runOnlyForDeploymentPostprocessing = 0;
		};
/* End PBXSourcesBuildPhase section */

/* Begin XCBuildConfiguration section */
		A90000000000000000000001 /* Debug */ = {
			isa = XCBuildConfiguration;
			buildSettings = {
				ALWAYS_SEARCH_USER_PATHS = NO;
				ASSETCATALOG_COMPILER_GENERATE_SWIFT_ASSET_SYMBOL_EXTENSIONS = YES;
				CLANG_ANALYZER_NONNULL = YES;
				CLANG_ANALYZER_NUMBER_OBJECT_CONVERSION = YES_AGGRESSIVE;
				CLANG_CXX_LANGUAGE_STANDARD = "gnu++20";
				CLANG_ENABLE_MODULES = YES;
				CLANG_ENABLE_OBJC_ARC = YES;
				CLANG_ENABLE_OBJC_WEAK = YES;
				CLANG_WARN_BLOCK_CAPTURE_AUTORELEASING = YES;
				CLANG_WARN_BOOL_CONVERSION = YES;
				CLANG_WARN_COMMA = YES;
				CLANG_WARN_CONSTANT_CONVERSION = YES;
				CLANG_WARN_DEPRECATED_OBJC_IMPLEMENTATIONS = YES;
				CLANG_WARN_DIRECT_OBJC_ISA_USAGE = YES_ERROR;
				CLANG_WARN_DOCUMENTATION_COMMENTS = YES;
				CLANG_WARN_EMPTY_BODY = YES;
				CLANG_WARN_ENUM_CONVERSION = YES;
				CLANG_WARN_INFINITE_RECURSION = YES;
				CLANG_WARN_INT_CONVERSION = YES;
				CLANG_WARN_NON_LITERAL_NULL_CONVERSION = YES;
				CLANG_WARN_OBJC_IMPLICIT_RETAIN_SELF = YES;
				CLANG_WARN_OBJC_LITERAL_CONVERSION = YES;
				CLANG_WARN_OBJC_ROOT_CLASS = YES_ERROR;
				CLANG_WARN_QUOTED_INCLUDE_IN_FRAMEWORK_HEADER = YES;
				CLANG_WARN_RANGE_LOOP_ANALYSIS = YES;
				CLANG_WARN_STRICT_PROTOTYPES = YES;
				CLANG_WARN_SUSPICIOUS_MOVE = YES;
				CLANG_WARN_UNGUARDED_AVAILABILITY = YES_AGGRESSIVE;
				CLANG_WARN_UNREACHABLE_CODE = YES;
				CLANG_WARN__DUPLICATE_METHOD_MATCH = YES;
				COPY_PHASE_STRIP = NO;
				DEAD_CODE_STRIPPING = YES;
				DEBUG_INFORMATION_FORMAT = dwarf;
				ENABLE_STRICT_OBJC_MSGSEND = YES;
				ENABLE_TESTABILITY = YES;
				ENABLE_USER_SCRIPT_SANDBOXING = YES;
				GCC_C_LANGUAGE_STANDARD = gnu17;
				GCC_DYNAMIC_NO_PIC = NO;
				GCC_NO_COMMON_BLOCKS = YES;
				GCC_OPTIMIZATION_LEVEL = 0;
				GCC_PREPROCESSOR_DEFINITIONS = (
					"DEBUG=1",
					"$(inherited)",
				);
				GCC_WARN_64_TO_32_BIT_CONVERSION = YES;
				GCC_WARN_ABOUT_RETURN_TYPE = YES_ERROR;
				GCC_WARN_UNDECLARED_SELECTOR = YES;
				GCC_WARN_UNINITIALIZED_AUTOS = YES_AGGRESSIVE;
				GCC_WARN_UNUSED_FUNCTION = YES;
				GCC_WARN_UNUSED_VARIABLE = YES;
				LOCALIZATION_PREFERS_STRING_CATALOGS = YES;
				MACOSX_DEPLOYMENT_TARGET = 13.0;
				MTL_ENABLE_DEBUG_INFO = INCLUDE_SOURCE;
				MTL_FAST_MATH = YES;
				ONLY_ACTIVE_ARCH = YES;
				SDKROOT = macosx;
				STRING_CATALOG_GENERATE_SYMBOLS = YES;
				SWIFT_ACTIVE_COMPILATION_CONDITIONS = "DEBUG $(inherited)";
				SWIFT_OPTIMIZATION_LEVEL = "-Onone";
			};
			name = Debug;
		};
		A90000000000000000000002 /* Release */ = {
			isa = XCBuildConfiguration;
			buildSettings = {
				ALWAYS_SEARCH_USER_PATHS = NO;
				ASSETCATALOG_COMPILER_GENERATE_SWIFT_ASSET_SYMBOL_EXTENSIONS = YES;
				CLANG_ANALYZER_NONNULL = YES;
				CLANG_ANALYZER_NUMBER_OBJECT_CONVERSION = YES_AGGRESSIVE;
				CLANG_CXX_LANGUAGE_STANDARD = "gnu++20";
				CLANG_ENABLE_MODULES = YES;
				CLANG_ENABLE_OBJC_ARC = YES;
				CLANG_ENABLE_OBJC_WEAK = YES;
				CLANG_WARN_BLOCK_CAPTURE_AUTORELEASING = YES;
				CLANG_WARN_BOOL_CONVERSION = YES;
				CLANG_WARN_COMMA = YES;
				CLANG_WARN_CONSTANT_CONVERSION = YES;
				CLANG_WARN_DEPRECATED_OBJC_IMPLEMENTATIONS = YES;
				CLANG_WARN_DIRECT_OBJC_ISA_USAGE = YES_ERROR;
				CLANG_WARN_DOCUMENTATION_COMMENTS = YES;
				CLANG_WARN_EMPTY_BODY = YES;
				CLANG_WARN_ENUM_CONVERSION = YES;
				CLANG_WARN_INFINITE_RECURSION = YES;
				CLANG_WARN_INT_CONVERSION = YES;
				CLANG_WARN_NON_LITERAL_NULL_CONVERSION = YES;
				CLANG_WARN_OBJC_IMPLICIT_RETAIN_SELF = YES;
				CLANG_WARN_OBJC_LITERAL_CONVERSION = YES;
				CLANG_WARN_OBJC_ROOT_CLASS = YES_ERROR;
				CLANG_WARN_QUOTED_INCLUDE_IN_FRAMEWORK_HEADER = YES;
				CLANG_WARN_RANGE_LOOP_ANALYSIS = YES;
				CLANG_WARN_STRICT_PROTOTYPES = YES;
				CLANG_WARN_SUSPICIOUS_MOVE = YES;
				CLANG_WARN_UNGUARDED_AVAILABILITY = YES_AGGRESSIVE;
				CLANG_WARN_UNREACHABLE_CODE = YES;
				CLANG_WARN__DUPLICATE_METHOD_MATCH = YES;
				COPY_PHASE_STRIP = NO;
				DEAD_CODE_STRIPPING = YES;
				DEBUG_INFORMATION_FORMAT = "dwarf-with-dsym";
				ENABLE_NS_ASSERTIONS = NO;
				ENABLE_STRICT_OBJC_MSGSEND = YES;
				ENABLE_USER_SCRIPT_SANDBOXING = YES;
				GCC_C_LANGUAGE_STANDARD = gnu17;
				GCC_NO_COMMON_BLOCKS = YES;
				GCC_WARN_64_TO_32_BIT_CONVERSION = YES;
				GCC_WARN_ABOUT_RETURN_TYPE = YES_ERROR;
				GCC_WARN_UNDECLARED_SELECTOR = YES;
				GCC_WARN_UNINITIALIZED_AUTOS = YES_AGGRESSIVE;
				GCC_WARN_UNUSED_FUNCTION = YES;
				GCC_WARN_UNUSED_VARIABLE = YES;
				LOCALIZATION_PREFERS_STRING_CATALOGS = YES;
				MACOSX_DEPLOYMENT_TARGET = 13.0;
				MTL_ENABLE_DEBUG_INFO = NO;
				MTL_FAST_MATH = YES;
				SDKROOT = macosx;
				STRING_CATALOG_GENERATE_SYMBOLS = YES;
				SWIFT_COMPILATION_MODE = wholemodule;
			};
			name = Release;
		};
		A90000000000000000000003 /* Debug */ = {
			isa = XCBuildConfiguration;
			buildSettings = {
				ASSETCATALOG_COMPILER_APPICON_NAME = AppIcon;
				ASSETCATALOG_COMPILER_GLOBAL_ACCENT_COLOR_NAME = AccentColor;
				AUTOMATION_APPLE_EVENTS = NO;
				CODE_SIGN_ENTITLEMENTS = "";
				CODE_SIGN_STYLE = Automatic;
				COMBINE_HIDPI_IMAGES = YES;
				CURRENT_PROJECT_VERSION = 1;
				DEAD_CODE_STRIPPING = YES;
				DEVELOPMENT_ASSET_PATHS = "";
				DEVELOPMENT_TEAM = 7G5Q4ZPRA7;
				ENABLE_HARDENED_RUNTIME = YES;
				ENABLE_PREVIEWS = YES;
				ENABLE_RESOURCE_ACCESS_AUDIO_INPUT = YES;
				ENABLE_RESOURCE_ACCESS_CALENDARS = NO;
				ENABLE_RESOURCE_ACCESS_CAMERA = NO;
				ENABLE_RESOURCE_ACCESS_CONTACTS = NO;
				ENABLE_RESOURCE_ACCESS_LOCATION = NO;
				ENABLE_RESOURCE_ACCESS_PHOTO_LIBRARY = NO;
				GENERATE_INFOPLIST_FILE = NO;
				INFOPLIST_FILE = Stash/Info.plist;
				INFOPLIST_KEY_NSHumanReadableCopyright = "Copyright © 2025. All rights reserved.";
				LD_RUNPATH_SEARCH_PATHS = (
					"$(inherited)",
					"@executable_path/../Frameworks",
				);
				MARKETING_VERSION = 1.0;
				PRODUCT_BUNDLE_IDENTIFIER = com.vedhanth.stash;
				PRODUCT_NAME = Stash;
				RUNTIME_EXCEPTION_ALLOW_DYLD_ENVIRONMENT_VARIABLES = NO;
				RUNTIME_EXCEPTION_ALLOW_JIT = NO;
				RUNTIME_EXCEPTION_ALLOW_UNSIGNED_EXECUTABLE_MEMORY = NO;
				RUNTIME_EXCEPTION_DEBUGGING_TOOL = NO;
				RUNTIME_EXCEPTION_DISABLE_EXECUTABLE_PAGE_PROTECTION = NO;
				RUNTIME_EXCEPTION_DISABLE_LIBRARY_VALIDATION = NO;
				SWIFT_EMIT_LOC_STRINGS = YES;
				SWIFT_VERSION = 5.0;
			};
			name = Debug;
		};
		A90000000000000000000004 /* Release */ = {
			isa = XCBuildConfiguration;
			buildSettings = {
				ASSETCATALOG_COMPILER_APPICON_NAME = AppIcon;
				ASSETCATALOG_COMPILER_GLOBAL_ACCENT_COLOR_NAME = AccentColor;
				AUTOMATION_APPLE_EVENTS = NO;
				CODE_SIGN_ENTITLEMENTS = "";
				CODE_SIGN_STYLE = Automatic;
				COMBINE_HIDPI_IMAGES = YES;
				CURRENT_PROJECT_VERSION = 1;
				DEAD_CODE_STRIPPING = YES;
				DEVELOPMENT_ASSET_PATHS = "";
				DEVELOPMENT_TEAM = 7G5Q4ZPRA7;
				ENABLE_HARDENED_RUNTIME = YES;
				ENABLE_PREVIEWS = YES;
				ENABLE_RESOURCE_ACCESS_AUDIO_INPUT = YES;
				ENABLE_RESOURCE_ACCESS_CALENDARS = NO;
				ENABLE_RESOURCE_ACCESS_CAMERA = NO;
				ENABLE_RESOURCE_ACCESS_CONTACTS = NO;
				ENABLE_RESOURCE_ACCESS_LOCATION = NO;
				ENABLE_RESOURCE_ACCESS_PHOTO_LIBRARY = NO;
				GENERATE_INFOPLIST_FILE = NO;
				INFOPLIST_FILE = Stash/Info.plist;
				INFOPLIST_KEY_NSHumanReadableCopyright = "Copyright © 2025. All rights reserved.";
				LD_RUNPATH_SEARCH_PATHS = (
					"$(inherited)",
					"@executable_path/../Frameworks",
				);
				MARKETING_VERSION = 1.0;
				PRODUCT_BUNDLE_IDENTIFIER = com.vedhanth.stash;
				PRODUCT_NAME = Stash;
				RUNTIME_EXCEPTION_ALLOW_DYLD_ENVIRONMENT_VARIABLES = NO;
				RUNTIME_EXCEPTION_ALLOW_JIT = NO;
				RUNTIME_EXCEPTION_ALLOW_UNSIGNED_EXECUTABLE_MEMORY = NO;
				RUNTIME_EXCEPTION_DEBUGGING_TOOL = NO;
				RUNTIME_EXCEPTION_DISABLE_EXECUTABLE_PAGE_PROTECTION = NO;
				RUNTIME_EXCEPTION_DISABLE_LIBRARY_VALIDATION = NO;
				SWIFT_EMIT_LOC_STRINGS = YES;
				SWIFT_VERSION = 5.0;
			};
			name = Release;
		};
/* End XCBuildConfiguration section */

/* Begin XCConfigurationList section */
		A70000000000000000000001 /* Build configuration list for PBXProject "Stash" */ = {
			isa = XCConfigurationList;
			buildConfigurations = (
				A90000000000000000000001 /* Debug */,
				A90000000000000000000002 /* Release */,
			);
			defaultConfigurationIsVisible = 0;
			defaultConfigurationName = Release;
		};
		A70000000000000000000003 /* Build configuration list for PBXNativeTarget "Stash" */ = {
			isa = XCConfigurationList;
			buildConfigurations = (
				A90000000000000000000003 /* Debug */,
				A90000000000000000000004 /* Release */,
			);
			defaultConfigurationIsVisible = 0;
			defaultConfigurationName = Release;
		};
/* End XCConfigurationList section */

/* Begin XCRemoteSwiftPackageReference section */
		FC63C6E72F82656000B67359 /* XCRemoteSwiftPackageReference "Sparkle" */ = {
			isa = XCRemoteSwiftPackageReference;
			repositoryURL = "https://github.com/sparkle-project/Sparkle";
			requirement = {
				kind = upToNextMajorVersion;
				minimumVersion = 2.9.1;
			};
		};
/* End XCRemoteSwiftPackageReference section */

/* Begin XCSwiftPackageProductDependency section */
		FC63C6E82F82656000B67359 /* Sparkle */ = {
			isa = XCSwiftPackageProductDependency;
			package = FC63C6E72F82656000B67359 /* XCRemoteSwiftPackageReference "Sparkle" */;
			productName = Sparkle;
		};
/* End XCSwiftPackageProductDependency section */
	};
	rootObject = A80000000000000000000001 /* Project object */;
}
